
Microsoft Visual Studio Solution File, Format Version 12.00
# Visual Studio Version 16
VisualStudioVersion = 16.0.30225.117
MinimumVisualStudioVersion = 10.0.40219.1
Project("{9A19103F-16F7-4668-BE54-9A1E7A4F7556}") = "ControlTemplate", "ControlTemplate\ControlTemplate.csproj", "{CC5EB9FC-C8C7-4CC4-8A4E-3C0096586DDC}"
EndProject
Global
	GlobalSection(SolutionConfigurationPlatforms) = preSolution
		Debug|Any CPU = Debug|Any CPU
		Release|Any CPU = Release|Any CPU
	EndGlobalSection
	GlobalSection(ProjectConfigurationPlatforms) = postSolution
		{CC5EB9FC-C8C7-4CC4-8A4E-3C0096586DDC}.Debug|Any CPU.ActiveCfg = Debug|Any CPU
		{CC5EB9FC-C8C7-4CC4-8A4E-3C0096586DDC}.Debug|Any CPU.Build.0 = Debug|Any CPU
		{CC5EB9FC-C8C7-4CC4-8A4E-3C0096586DDC}.Release|Any CPU.ActiveCfg = Release|Any CPU
		{CC5EB9FC-C8C7-4CC4-8A4E-3C0096586DDC}.Release|Any CPU.Build.0 = Release|Any CPU
	EndGlobalSection
	GlobalSection(SolutionProperties) = preSolution
		HideSolutionNode = FALSE
	EndGlobalSection
	GlobalSection(ExtensibilityGlobals) = postSolution
		SolutionGuid = {5B2B7CC6-225B-42C1-9213-A6AAFE43D0D2}
	EndGlobalSection
EndGlobal
